
Microsoft Visual Studio Solution File, Format Version 12.00
# Visual Studio Version 17
VisualStudioVersion = 17.11.35312.102
MinimumVisualStudioVersion = 10.0.40219.1
Project("{FAE04EC0-301F-11D3-BF4B-00C04F79EFBC}") = "Labb", "Labb\Labb.csproj", "{04804930-5415-473E-9A79-B28035EDC4DF}"
EndProject
Global
	GlobalSection(SolutionConfigurationPlatforms) = preSolution
		Debug|Any CPU = Debug|Any CPU
		Release|Any CPU = Release|Any CPU
	EndGlobalSection
	GlobalSection(ProjectConfigurationPlatforms) = postSolution
		{04804930-5415-473E-9A79-B28035EDC4DF}.Debug|Any CPU.ActiveCfg = Debug|Any CPU
		{04804930-5415-473E-9A79-B28035EDC4DF}.Debug|Any CPU.Build.0 = Debug|Any CPU
		{04804930-5415-473E-9A79-B28035EDC4DF}.Release|Any CPU.ActiveCfg = Release|Any CPU
		{04804930-5415-473E-9A79-B28035EDC4DF}.Release|Any CPU.Build.0 = Release|Any CPU
	EndGlobalSection
	GlobalSection(SolutionProperties) = preSolution
		HideSolutionNode = FALSE
	EndGlobalSection
	GlobalSection(ExtensibilityGlobals) = postSolution
		SolutionGuid = {BD04829E-9020-472E-A179-50FD34B16253}
	EndGlobalSection
EndGlobal
